// !$*UTF8*$!
{
	archiveVersion = 1;
	classes = {
	};
	objectVersion = 46;
	objects = {

/* Begin PBXBuildFile section */
		590C50A01EF69DE800EBC79A /* HudView.swift in Sources */ = {isa = PBXBuildFile; fileRef = 590C509F1EF69DE800EBC79A /* HudView.swift */; };
		592156641EF44CD400FD2C71 /* LocationDetailTableViewController.swift in Sources */ = {isa = PBXBuildFile; fileRef = 592156631EF44CD400FD2C71 /* LocationDetailTableViewController.swift */; };
		594FA8CA1EF6BAFE0032FBB3 /* Functions.swift in Sources */ = {isa = PBXBuildFile; fileRef = 594FA8C91EF6BAFE0032FBB3 /* Functions.swift */; };
		595E52DE1EF82466008134AD /* DataModel.xcdatamodeld in Sources */ = {isa = PBXBuildFile; fileRef = 595E52DC1EF82466008134AD /* DataModel.xcdatamodeld */; };
		595E52E11EF8297B008134AD /* Location+CoreDataClass.swift in Sources */ = {isa = PBXBuildFile; fileRef = 595E52DF1EF8297B008134AD /* Location+CoreDataClass.swift */; };
		595E52E21EF8297B008134AD /* Location+CoreDataProperties.swift in Sources */ = {isa = PBXBuildFile; fileRef = 595E52E01EF8297B008134AD /* Location+CoreDataProperties.swift */; };
		5980454B1EEF39EE00A787DA /* AppDelegate.swift in Sources */ = {isa = PBXBuildFile; fileRef = 5980454A1EEF39EE00A787DA /* AppDelegate.swift */; };
		5980454D1EEF39EE00A787DA /* CurrentLocationViewController.swift in Sources */ = {isa = PBXBuildFile; fileRef = 5980454C1EEF39EE00A787DA /* CurrentLocationViewController.swift */; };
		598045521EEF39EE00A787DA /* Main.storyboard in Resources */ = {isa = PBXBuildFile; fileRef = 598045501EEF39EE00A787DA /* Main.storyboard */; };
		598045541EEF39EE00A787DA /* Assets.xcassets in Resources */ = {isa = PBXBuildFile; fileRef = 598045531EEF39EE00A787DA /* Assets.xcassets */; };
		598045571EEF39EE00A787DA /* LaunchScreen.storyboard in Resources */ = {isa = PBXBuildFile; fileRef = 598045551EEF39EE00A787DA /* LaunchScreen.storyboard */; };
		59C28CCE1EF47E7E000E0EC5 /* CategoryPickerTableViewController.swift in Sources */ = {isa = PBXBuildFile; fileRef = 59C28CCD1EF47E7E000E0EC5 /* CategoryPickerTableViewController.swift */; };
		59C604751EF93797008EEAF2 /* LocationsTableViewController.swift in Sources */ = {isa = PBXBuildFile; fileRef = 59C604741EF93797008EEAF2 /* LocationsTableViewController.swift */; };
		59C604771EF94EC6008EEAF2 /* LocationCell.swift in Sources */ = {isa = PBXBuildFile; fileRef = 59C604761EF94EC6008EEAF2 /* LocationCell.swift */; };
		59DF31871EFA9AB600FEC04E /* MapKit.framework in Frameworks */ = {isa = PBXBuildFile; fileRef = 59DF31861EFA9AB600FEC04E /* MapKit.framework */; };
		59DF31891EFA9C9D00FEC04E /* MapViewController.swift in Sources */ = {isa = PBXBuildFile; fileRef = 59DF31881EFA9C9D00FEC04E /* MapViewController.swift */; };
/* End PBXBuildFile section */

/* Begin PBXFileReference section */
		590C509F1EF69DE800EBC79A /* HudView.swift */ = {isa = PBXFileReference; fileEncoding = 4; lastKnownFileType = sourcecode.swift; path = HudView.swift; sourceTree = "<group>"; };
		592156631EF44CD400FD2C71 /* LocationDetailTableViewController.swift */ = {isa = PBXFileReference; fileEncoding = 4; lastKnownFileType = sourcecode.swift; path = LocationDetailTableViewController.swift; sourceTree = "<group>"; };
		594FA8C91EF6BAFE0032FBB3 /* Functions.swift */ = {isa = PBXFileReference; fileEncoding = 4; lastKnownFileType = sourcecode.swift; path = Functions.swift; sourceTree = "<group>"; };
		595E52DD1EF82466008134AD /* DataModel.xcdatamodel */ = {isa = PBXFileReference; lastKnownFileType = wrapper.xcdatamodel; path = DataModel.xcdatamodel; sourceTree = "<group>"; };
		595E52DF1EF8297B008134AD /* Location+CoreDataClass.swift */ = {isa = PBXFileReference; fileEncoding = 4; lastKnownFileType = sourcecode.swift; path = "Location+CoreDataClass.swift"; sourceTree = "<group>"; };
		595E52E01EF8297B008134AD /* Location+CoreDataProperties.swift */ = {isa = PBXFileReference; fileEncoding = 4; lastKnownFileType = sourcecode.swift; path = "Location+CoreDataProperties.swift"; sourceTree = "<group>"; };
		598045471EEF39EE00A787DA /* MyLocator.app */ = {isa = PBXFileReference; explicitFileType = wrapper.application; includeInIndex = 0; path = MyLocator.app; sourceTree = BUILT_PRODUCTS_DIR; };
		5980454A1EEF39EE00A787DA /* AppDelegate.swift */ = {isa = PBXFileReference; lastKnownFileType = sourcecode.swift; path = AppDelegate.swift; sourceTree = "<group>"; };
		5980454C1EEF39EE00A787DA /* CurrentLocationViewController.swift */ = {isa = PBXFileReference; lastKnownFileType = sourcecode.swift; path = CurrentLocationViewController.swift; sourceTree = "<group>"; };
		598045511EEF39EE00A787DA /* Base */ = {isa = PBXFileReference; lastKnownFileType = file.storyboard; name = Base; path = Base.lproj/Main.storyboard; sourceTree = "<group>"; };
		598045531EEF39EE00A787DA /* Assets.xcassets */ = {isa = PBXFileReference; lastKnownFileType = folder.assetcatalog; path = Assets.xcassets; sourceTree = "<group>"; };
		598045561EEF39EE00A787DA /* Base */ = {isa = PBXFileReference; lastKnownFileType = file.storyboard; name = Base; path = Base.lproj/LaunchScreen.storyboard; sourceTree = "<group>"; };
		598045581EEF39EE00A787DA /* Info.plist */ = {isa = PBXFileReference; lastKnownFileType = text.plist.xml; path = Info.plist; sourceTree = "<group>"; };
		59C28CCD1EF47E7E000E0EC5 /* CategoryPickerTableViewController.swift */ = {isa = PBXFileReference; fileEncoding = 4; lastKnownFileType = sourcecode.swift; path = CategoryPickerTableViewController.swift; sourceTree = "<group>"; };
		59C604741EF93797008EEAF2 /* LocationsTableViewController.swift */ = {isa = PBXFileReference; fileEncoding = 4; lastKnownFileType = sourcecode.swift; path = LocationsTableViewController.swift; sourceTree = "<group>"; };
		59C604761EF94EC6008EEAF2 /* LocationCell.swift */ = {isa = PBXFileReference; fileEncoding = 4; lastKnownFileType = sourcecode.swift; path = LocationCell.swift; sourceTree = "<group>"; };
		59DF31861EFA9AB600FEC04E /* MapKit.framework */ = {isa = PBXFileReference; lastKnownFileType = wrapper.framework; name = MapKit.framework; path = System/Library/Frameworks/MapKit.framework; sourceTree = SDKROOT; };
		59DF31881EFA9C9D00FEC04E /* MapViewController.swift */ = {isa = PBXFileReference; fileEncoding = 4; lastKnownFileType = sourcecode.swift; path = MapViewController.swift; sourceTree = "<group>"; };
/* End PBXFileReference section */

/* Begin PBXFrameworksBuildPhase section */
		598045441EEF39EE00A787DA /* Frameworks */ = {
			isa = PBXFrameworksBuildPhase;
			buildActionMask = 2147483647;
			files = (
				59DF31871EFA9AB600FEC04E /* MapKit.framework in Frameworks */,
			);
			runOnlyForDeploymentPostprocessing = 0;
		};
/* End PBXFrameworksBuildPhase section */

/* Begin PBXGroup section */
		595E52E31EF8471B008134AD /* DataModel */ = {
			isa = PBXGroup;
			children = (
				595E52DC1EF82466008134AD /* DataModel.xcdatamodeld */,
				595E52DF1EF8297B008134AD /* Location+CoreDataClass.swift */,
				595E52E01EF8297B008134AD /* Location+CoreDataProperties.swift */,
			);
			name = DataModel;
			sourceTree = "<group>";
		};
		5980453E1EEF39EE00A787DA = {
			isa = PBXGroup;
			children = (
				598045491EEF39EE00A787DA /* MyLocator */,
				598045481EEF39EE00A787DA /* Products */,
				59DF31851EFA9AB600FEC04E /* Frameworks */,
			);
			sourceTree = "<group>";
		};
		598045481EEF39EE00A787DA /* Products */ = {
			isa = PBXGroup;
			children = (
				598045471EEF39EE00A787DA /* MyLocator.app */,
			);
			name = Products;
			sourceTree = "<group>";
		};
		598045491EEF39EE00A787DA /* MyLocator */ = {
			isa = PBXGroup;
			children = (
				5980454A1EEF39EE00A787DA /* AppDelegate.swift */,
				598045531EEF39EE00A787DA /* Assets.xcassets */,
				59C28CCD1EF47E7E000E0EC5 /* CategoryPickerTableViewController.swift */,
				5980454C1EEF39EE00A787DA /* CurrentLocationViewController.swift */,
				595E52E31EF8471B008134AD /* DataModel */,
				594FA8C91EF6BAFE0032FBB3 /* Functions.swift */,
				590C509F1EF69DE800EBC79A /* HudView.swift */,
				598045581EEF39EE00A787DA /* Info.plist */,
				598045551EEF39EE00A787DA /* LaunchScreen.storyboard */,
				592156631EF44CD400FD2C71 /* LocationDetailTableViewController.swift */,
				59C604741EF93797008EEAF2 /* LocationsTableViewController.swift */,
				59C604761EF94EC6008EEAF2 /* LocationCell.swift */,
				598045501EEF39EE00A787DA /* Main.storyboard */,
				59DF31881EFA9C9D00FEC04E /* MapViewController.swift */,
			);
			path = MyLocator;
			sourceTree = "<group>";
		};
		59DF31851EFA9AB600FEC04E /* Frameworks */ = {
			isa = PBXGroup;
			children = (
				59DF31861EFA9AB600FEC04E /* MapKit.framework */,
			);
			name = Frameworks;
			sourceTree = "<group>";
		};
/* End PBXGroup section */

/* Begin PBXNativeTarget section */
		598045461EEF39EE00A787DA /* MyLocator */ = {
			isa = PBXNativeTarget;
			buildConfigurationList = 5980455B1EEF39EE00A787DA /* Build configuration list for PBXNativeTarget "MyLocator" */;
			buildPhases = (
				598045431EEF39EE00A787DA /* Sources */,
				598045441EEF39EE00A787DA /* Frameworks */,
				598045451EEF39EE00A787DA /* Resources */,
			);
			buildRules = (
			);
			dependencies = (
			);
			name = MyLocator;
			productName = MyLocator;
			productReference = 598045471EEF39EE00A787DA /* MyLocator.app */;
			productType = "com.apple.product-type.application";
		};
/* End PBXNativeTarget section */

/* Begin PBXProject section */
		5980453F1EEF39EE00A787DA /* Project object */ = {
			isa = PBXProject;
			attributes = {
				LastSwiftUpdateCheck = 0830;
				LastUpgradeCheck = 0830;
				ORGANIZATIONNAME = "Dmytro Pasinchuk";
				TargetAttributes = {
					598045461EEF39EE00A787DA = {
						CreatedOnToolsVersion = 8.3.2;
						DevelopmentTeam = 2J5NKCM3ET;
						ProvisioningStyle = Automatic;
						SystemCapabilities = {
							com.apple.Maps.iOS = {
								enabled = 1;
							};
						};
					};
				};
			};
			buildConfigurationList = 598045421EEF39EE00A787DA /* Build configuration list for PBXProject "MyLocator" */;
			compatibilityVersion = "Xcode 3.2";
			developmentRegion = English;
			hasScannedForEncodings = 0;
			knownRegions = (
				en,
				Base,
			);
			mainGroup = 5980453E1EEF39EE00A787DA;
			productRefGroup = 598045481EEF39EE00A787DA /* Products */;
			projectDirPath = "";
			projectRoot = "";
			targets = (
				598045461EEF39EE00A787DA /* MyLocator */,
			);
		};
/* End PBXProject section */

/* Begin PBXResourcesBuildPhase section */
		598045451EEF39EE00A787DA /* Resources */ = {
			isa = PBXResourcesBuildPhase;
			buildActionMask = 2147483647;
			files = (
				598045571EEF39EE00A787DA /* LaunchScreen.storyboard in Resources */,
				598045541EEF39EE00A787DA /* Assets.xcassets in Resources */,
				598045521EEF39EE00A787DA /* Main.storyboard in Resources */,
			);
			runOnlyForDeploymentPostprocessing = 0;
		};
/* End PBXResourcesBuildPhase section */

/* Begin PBXSourcesBuildPhase section */
		598045431EEF39EE00A787DA /* Sources */ = {
			isa = PBXSourcesBuildPhase;
			buildActionMask = 2147483647;
			files = (
				59C604751EF93797008EEAF2 /* LocationsTableViewController.swift in Sources */,
				595E52DE1EF82466008134AD /* DataModel.xcdatamodeld in Sources */,
				592156641EF44CD400FD2C71 /* LocationDetailTableViewController.swift in Sources */,
				590C50A01EF69DE800EBC79A /* HudView.swift in Sources */,
				595E52E21EF8297B008134AD /* Location+CoreDataProperties.swift in Sources */,
				594FA8CA1EF6BAFE0032FBB3 /* Functions.swift in Sources */,
				59C604771EF94EC6008EEAF2 /* LocationCell.swift in Sources */,
				59DF31891EFA9C9D00FEC04E /* MapViewController.swift in Sources */,
				5980454B1EEF39EE00A787DA /* AppDelegate.swift in Sources */,
				595E52E11EF8297B008134AD /* Location+CoreDataClass.swift in Sources */,
				59C28CCE1EF47E7E000E0EC5 /* CategoryPickerTableViewController.swift in Sources */,
				5980454D1EEF39EE00A787DA /* CurrentLocationViewController.swift in Sources */,
			);
			runOnlyForDeploymentPostprocessing = 0;
		};
/* End PBXSourcesBuildPhase section */

/* Begin PBXVariantGroup section */
		598045501EEF39EE00A787DA /* Main.storyboard */ = {
			isa = PBXVariantGroup;
			children = (
				598045511EEF39EE00A787DA /* Base */,
			);
			name = Main.storyboard;
			sourceTree = "<group>";
		};
		598045551EEF39EE00A787DA /* LaunchScreen.storyboard */ = {
			isa = PBXVariantGroup;
			children = (
				598045561EEF39EE00A787DA /* Base */,
			);
			name = LaunchScreen.storyboard;
			sourceTree = "<group>";
		};
/* End PBXVariantGroup section */

/* Begin XCBuildConfiguration section */
		598045591EEF39EE00A787DA /* Debug */ = {
			isa = XCBuildConfiguration;
			buildSettings = {
				ALWAYS_SEARCH_USER_PATHS = NO;
				CLANG_ANALYZER_NONNULL = YES;
				CLANG_ANALYZER_NUMBER_OBJECT_CONVERSION = YES_AGGRESSIVE;
				CLANG_CXX_LANGUAGE_STANDARD = "gnu++0x";
				CLANG_CXX_LIBRARY = "libc++";
				CLANG_ENABLE_MODULES = YES;
				CLANG_ENABLE_OBJC_ARC = YES;
				CLANG_WARN_BOOL_CONVERSION = YES;
				CLANG_WARN_CONSTANT_CONVERSION = YES;
				CLANG_WARN_DIRECT_OBJC_ISA_USAGE = YES_ERROR;
				CLANG_WARN_DOCUMENTATION_COMMENTS = YES;
				CLANG_WARN_EMPTY_BODY = YES;
				CLANG_WARN_ENUM_CONVERSION = YES;
				CLANG_WARN_INFINITE_RECURSION = YES;
				CLANG_WARN_INT_CONVERSION = YES;
				CLANG_WARN_OBJC_ROOT_CLASS = YES_ERROR;
				CLANG_WARN_SUSPICIOUS_MOVE = YES;
				CLANG_WARN_UNREACHABLE_CODE = YES;
				CLANG_WARN__DUPLICATE_METHOD_MATCH = YES;
				"CODE_SIGN_IDENTITY[sdk=iphoneos*]" = "iPhone Developer";
				COPY_PHASE_STRIP = NO;
				DEBUG_INFORMATION_FORMAT = dwarf;
				ENABLE_STRICT_OBJC_MSGSEND = YES;
				ENABLE_TESTABILITY = YES;
				GCC_C_LANGUAGE_STANDARD = gnu99;
				GCC_DYNAMIC_NO_PIC = NO;
				GCC_NO_COMMON_BLOCKS = YES;
				GCC_OPTIMIZATION_LEVEL = 0;
				GCC_PREPROCESSOR_DEFINITIONS = (
					"DEBUG=1",
					"$(inherited)",
				);
				GCC_WARN_64_TO_32_BIT_CONVERSION = YES;
				GCC_WARN_ABOUT_RETURN_TYPE = YES_ERROR;
				GCC_WARN_UNDECLARED_SELECTOR = YES;
				GCC_WARN_UNINITIALIZED_AUTOS = YES_AGGRESSIVE;
				GCC_WARN_UNUSED_FUNCTION = YES;
				GCC_WARN_UNUSED_VARIABLE = YES;
				IPHONEOS_DEPLOYMENT_TARGET = 10.3;
				MTL_ENABLE_DEBUG_INFO = YES;
				ONLY_ACTIVE_ARCH = YES;
				SDKROOT = iphoneos;
				SWIFT_ACTIVE_COMPILATION_CONDITIONS = DEBUG;
				SWIFT_OPTIMIZATION_LEVEL = "-Onone";
			};
			name = Debug;
		};
		5980455A1EEF39EE00A787DA /* Release */ = {
			isa = XCBuildConfiguration;
			buildSettings = {
				ALWAYS_SEARCH_USER_PATHS = NO;
				CLANG_ANALYZER_NONNULL = YES;
				CLANG_ANALYZER_NUMBER_OBJECT_CONVERSION = YES_AGGRESSIVE;
				CLANG_CXX_LANGUAGE_STANDARD = "gnu++0x";
				CLANG_CXX_LIBRARY = "libc++";
				CLANG_ENABLE_MODULES = YES;
				CLANG_ENABLE_OBJC_ARC = YES;
				CLANG_WARN_BOOL_CONVERSION = YES;
				CLANG_WARN_CONSTANT_CONVERSION = YES;
				CLANG_WARN_DIRECT_OBJC_ISA_USAGE = YES_ERROR;
				CLANG_WARN_DOCUMENTATION_COMMENTS = YES;
				CLANG_WARN_EMPTY_BODY = YES;
				CLANG_WARN_ENUM_CONVERSION = YES;
				CLANG_WARN_INFINITE_RECURSION = YES;
				CLANG_WARN_INT_CONVERSION = YES;
				CLANG_WARN_OBJC_ROOT_CLASS = YES_ERROR;
				CLANG_WARN_SUSPICIOUS_MOVE = YES;
				CLANG_WARN_UNREACHABLE_CODE = YES;
				CLANG_WARN__DUPLICATE_METHOD_MATCH = YES;
				"CODE_SIGN_IDENTITY[sdk=iphoneos*]" = "iPhone Developer";
				COPY_PHASE_STRIP = NO;
				DEBUG_INFORMATION_FORMAT = "dwarf-with-dsym";
				ENABLE_NS_ASSERTIONS = NO;
				ENABLE_STRICT_OBJC_MSGSEND = YES;
				GCC_C_LANGUAGE_STANDARD = gnu99;
				GCC_NO_COMMON_BLOCKS = YES;
				GCC_WARN_64_TO_32_BIT_CONVERSION = YES;
				GCC_WARN_ABOUT_RETURN_TYPE = YES_ERROR;
				GCC_WARN_UNDECLARED_SELECTOR = YES;
				GCC_WARN_UNINITIALIZED_AUTOS = YES_AGGRESSIVE;
				GCC_WARN_UNUSED_FUNCTION = YES;
				GCC_WARN_UNUSED_VARIABLE = YES;
				IPHONEOS_DEPLOYMENT_TARGET = 10.3;
				MTL_ENABLE_DEBUG_INFO = NO;
				SDKROOT = iphoneos;
				SWIFT_OPTIMIZATION_LEVEL = "-Owholemodule";
				VALIDATE_PRODUCT = YES;
			};
			name = Release;
		};
		5980455C1EEF39EE00A787DA /* Debug */ = {
			isa = XCBuildConfiguration;
			buildSettings = {
				ASSETCATALOG_COMPILER_APPICON_NAME = AppIcon;
				DEVELOPMENT_TEAM = 2J5NKCM3ET;
				INFOPLIST_FILE = MyLocator/Info.plist;
				LD_RUNPATH_SEARCH_PATHS = "$(inherited) @executable_path/Frameworks";
				PRODUCT_BUNDLE_IDENTIFIER = com.passt0r.MyLocator;
				PRODUCT_NAME = "$(TARGET_NAME)";
				SWIFT_VERSION = 3.0;
			};
			name = Debug;
		};
		5980455D1EEF39EE00A787DA /* Release */ = {
			isa = XCBuildConfiguration;
			buildSettings = {
				ASSETCATALOG_COMPILER_APPICON_NAME = AppIcon;
				DEVELOPMENT_TEAM = 2J5NKCM3ET;
				INFOPLIST_FILE = MyLocator/Info.plist;
				LD_RUNPATH_SEARCH_PATHS = "$(inherited) @executable_path/Frameworks";
				PRODUCT_BUNDLE_IDENTIFIER = com.passt0r.MyLocator;
				PRODUCT_NAME = "$(TARGET_NAME)";
				SWIFT_VERSION = 3.0;
			};
			name = Release;
		};
/* End XCBuildConfiguration section */

/* Begin XCConfigurationList section */
		598045421EEF39EE00A787DA /* Build configuration list for PBXProject "MyLocator" */ = {
			isa = XCConfigurationList;
			buildConfigurations = (
				598045591EEF39EE00A787DA /* Debug */,
				5980455A1EEF39EE00A787DA /* Release */,
			);
			defaultConfigurationIsVisible = 0;
			defaultConfigurationName = Release;
		};
		5980455B1EEF39EE00A787DA /* Build configuration list for PBXNativeTarget "MyLocator" */ = {
			isa = XCConfigurationList;
			buildConfigurations = (
				5980455C1EEF39EE00A787DA /* Debug */,
				5980455D1EEF39EE00A787DA /* Release */,
			);
			defaultConfigurationIsVisible = 0;
			defaultConfigurationName = Release;
		};
/* End XCConfigurationList section */

/* Begin XCVersionGroup section */
		595E52DC1EF82466008134AD /* DataModel.xcdatamodeld */ = {
			isa = XCVersionGroup;
			children = (
				595E52DD1EF82466008134AD /* DataModel.xcdatamodel */,
			);
			currentVersion = 595E52DD1EF82466008134AD /* DataModel.xcdatamodel */;
			path = DataModel.xcdatamodeld;
			sourceTree = "<group>";
			versionGroupType = wrapper.xcdatamodel;
		};
/* End XCVersionGroup section */
	};
	rootObject = 5980453F1EEF39EE00A787DA /* Project object */;
}
